[[package]]
name = "autopep8"
version = "1.7.0"
description = "A tool that automatically formats Python code to conform to the PEP 8 style guide"
category = "dev"
optional = false
python-versions = "*"

[package.dependencies]
pycodestyle = ">=2.9.1"
toml = "*"

[[package]]
name = "colour-science"
version = "0.4.1"
description = "Colour Science for Python"
category = "main"
optional = false
python-versions = ">=3.8,<3.11"

[package.dependencies]
imageio = ">=2,<3"
numpy = ">=1.19,<2"
scipy = ">=1.5,<2"
typing-extensions = ">=4,<5"

[package.extras]
development = ["twine", "toml", "sphinxcontrib-bibtex", "sphinx (>=4,<5)", "restructuredtext-lint", "pyupgrade", "pytest", "pytest-cov", "pydocstyle", "pydata-sphinx-theme", "pre-commit", "mypy", "jupyter", "invoke", "flynt", "flake8", "coveralls", "coverage (!=6.3)", "black", "biblib-simple"]
meshing = ["trimesh (>=3,<4)"]
read-the-docs = ["trimesh (>=3,<4)", "sphinxcontrib-bibtex", "pygraphviz (>=1,<2)", "pydata-sphinx-theme", "networkx (>=2,<3)", "matplotlib (>=3.2,!=3.5.0,!=3.5.1)"]
optional = ["tqdm (>=4,<5)", "scikit-learn (>=1,<2)", "pandas (>=1,<2)", "networkx (>=2,<3)"]
graphviz = ["pygraphviz (>=1,<2)"]
plotting = ["matplotlib (>=3.2,!=3.5.0,!=3.5.1)"]

[[package]]
name = "imageio"
version = "2.21.1"
description = "Library for reading and writing a wide range of image, video, scientific, and volumetric data formats."
category = "main"
optional = false
python-versions = ">=3.7"

[package.dependencies]
numpy = "*"
pillow = ">=8.3.2"

[package.extras]
all-plugins = ["astropy", "av", "imageio-ffmpeg", "opencv-python", "psutil", "tifffile"]
all-plugins-pypy = ["av", "imageio-ffmpeg", "psutil", "tifffile"]
build = ["wheel"]
dev = ["invoke", "pytest", "pytest-cov", "fsspec", "black", "flake8"]
docs = ["sphinx", "numpydoc", "pydata-sphinx-theme"]
ffmpeg = ["imageio-ffmpeg", "psutil"]
fits = ["astropy"]
full = ["astropy", "av", "black", "flake8", "fsspec", "gdal", "imageio-ffmpeg", "invoke", "itk", "numpydoc", "opencv-python", "psutil", "pydata-sphinx-theme", "pytest", "pytest-cov", "sphinx", "tifffile", "wheel"]
gdal = ["gdal"]
itk = ["itk"]
linting = ["black", "flake8"]
opencv = ["opencv-python"]
pyav = ["av"]
test = ["invoke", "pytest", "pytest-cov", "fsspec"]
tifffile = ["tifffile"]

[[package]]
name = "numpy"
version = "1.23.2"
description = "NumPy is the fundamental package for array computing with Python."
category = "main"
optional = false
python-versions = ">=3.8"

[[package]]
name = "pillow"
version = "9.2.0"
description = "Python Imaging Library (Fork)"
category = "main"
optional = false
python-versions = ">=3.7"

[package.extras]
docs = ["furo", "olefile", "sphinx (>=2.4)", "sphinx-copybutton", "sphinx-issues (>=3.0.1)", "sphinx-removed-in", "sphinxext-opengraph"]
tests = ["check-manifest", "coverage", "defusedxml", "markdown2", "olefile", "packaging", "pyroma", "pytest", "pytest-cov", "pytest-timeout"]

[[package]]
name = "pycodestyle"
version = "2.9.1"
description = "Python style guide checker"
category = "dev"
optional = false
python-versions = ">=3.6"

[[package]]
name = "scipy"
version = "1.9.0"
description = "SciPy: Scientific Library for Python"
category = "main"
optional = false
python-versions = ">=3.8,<3.12"

[package.dependencies]
numpy = ">=1.18.5,<1.25.0"

[[package]]
name = "toml"
version = "0.10.2"
description = "Python Library for Tom's Obvious, Minimal Language"
category = "dev"
optional = false
python-versions = ">=2.6, !=3.0.*, !=3.1.*, !=3.2.*"

[[package]]
name = "typing-extensions"
version = "4.3.0"
description = "Backported and Experimental Type Hints for Python 3.7+"
category = "main"
optional = false
python-versions = ">=3.7"

[metadata]
lock-version = "1.1"
python-versions = ">= 3.8, < 3.11"
content-hash = "195869eca770f2a1dfbe1b2c9c16bbb70d7186f6abba42f3ade6456c3362c793"

[metadata.files]
autopep8 = []
colour-science = []
imageio = []
numpy = []
pillow = []
pycodestyle = []
scipy = []
toml = [
    {file = "toml-0.10.2-py2.py3-none-any.whl", hash = "sha256:806143ae5bfb6a3c6e736a764057db0e6a0e05e338b5630894a5f779cabb4f9b"},
    {file = "toml-0.10.2.tar.gz", hash = "sha256:b3bda1d108d5dd99f4a20d24d9c348e91c4db7ab1b749200bded2f839ccbe68f"},
]
typing-extensions = []
